{
  "name": "ecommerce",
  "version": "1.0.0",
  "lockfileVersion": 2,
  "requires": true,
  "packages": {
    "": {
      "name": "ecommerce",
      "version": "1.0.0",
      "license": "ISC",
      "dependencies": {
        "material-icons": "^1.13.1"
      }
    },
    "node_modules/material-icons": {
      "version": "1.13.1",
      "resolved": "https://registry.npmjs.org/material-icons/-/material-icons-1.13.1.tgz",
      "integrity": "sha512-6EwhlEa4rwydNSWw11ig1oz/h/KcarJXn4n50Wd69v5Eh026Y6xBo9zLPeX4iF8+qUZV862X0AUUA0m0VaihWg=="
    }
  },
  "dependencies": {
    "material-icons": {
      "version": "1.13.1",
      "resolved": "https://registry.npmjs.org/material-icons/-/material-icons-1.13.1.tgz",
      "integrity": "sha512-6EwhlEa4rwydNSWw11ig1oz/h/KcarJXn4n50Wd69v5Eh026Y6xBo9zLPeX4iF8+qUZV862X0AUUA0m0VaihWg=="
    }
  }
}
